{"cliVersion":"0.20.0","productModuleName":"Spectate_Dyana","sourceFilePaths":[{"path":"\/Users\/dyana\/Desktop\/Spectate_Dyana\/Spectate_Dyana\/FailureHandler\/AppError.swift","hash":"33e082b85a393038831c627860195003c7a35c99"},{"path":"\/Users\/dyana\/Desktop\/Spectate_Dyana\/Spectate_Dyana\/FailureHandler\/FailureResponse.swift","hash":"aa52c0dbe36cc5d2cbbd50a77ba21ad2d27fca18"},{"path":"\/Users\/dyana\/Desktop\/Spectate_Dyana\/Spectate_Dyana\/FailureHandler\/ServiceError.swift","hash":"feab8ad430f42881ff33a0f49b9e6f595e9d51ea"},{"path":"\/Users\/dyana\/Desktop\/Spectate_Dyana\/Spectate_Dyana\/Helpers\/Date+extension.swift","hash":"4ce42fa35737495c83dee68be8a66e8cb2ee3036"},{"path":"\/Users\/dyana\/Desktop\/Spectate_Dyana\/Spectate_Dyana\/Helpers\/Double+extension.swift","hash":"3a8423174f6152624789cd68a0bc656cf3571966"},{"path":"\/Users\/dyana\/Desktop\/Spectate_Dyana\/Spectate_Dyana\/Model\/Price.swift","hash":"6c5f58a5490c17eddb4253e48e520fedca9663f0"},{"path":"\/Users\/dyana\/Desktop\/Spectate_Dyana\/Spectate_Dyana\/Networking\/API.swift","hash":"f221055155517cd6b3d6928a97f9d757239cd0b9"},{"path":"\/Users\/dyana\/Desktop\/Spectate_Dyana\/Spectate_Dyana\/Networking\/Endpoint.swift","hash":"024c0376bf47d7f05727856c5a571cc16191272d"},{"path":"\/Users\/dyana\/Desktop\/Spectate_Dyana\/Spectate_Dyana\/Networking\/Service.swift","hash":"f8aeace49fe37ac5be7efd0eb2d67ded22fe76cc"},{"path":"\/Users\/dyana\/Desktop\/Spectate_Dyana\/Spectate_Dyana\/PriceRepo\/PriceRepository.swift","hash":"dc31bdea32ae9236703f4e9d4397ccb6db9ceb29"},{"path":"\/Users\/dyana\/Desktop\/Spectate_Dyana\/Spectate_Dyana\/Spectate_DyanaApp.swift","hash":"e8847e935dbc02b106de3618fb909cffaa36e658"},{"path":"\/Users\/dyana\/Desktop\/Spectate_Dyana\/Spectate_Dyana\/View\/ActivityIndicatorVIew.swift","hash":"672a6211c1abe93e3a95b52a9006f3039d2433e7"},{"path":"\/Users\/dyana\/Desktop\/Spectate_Dyana\/Spectate_Dyana\/View\/ContentView.swift","hash":"fc1acc3da8dfc4fb6a573ae111f093b5df71a6e3"},{"path":"\/Users\/dyana\/Desktop\/Spectate_Dyana\/Spectate_Dyana\/View\/DetailView.swift","hash":"1a790bfb40921335b2e042b6f0c4b387966fe3bd"},{"path":"\/Users\/dyana\/Desktop\/Spectate_Dyana\/Spectate_Dyana\/View\/ErrorView.swift","hash":"3ec60eb401894bcdba5c6d0f869e5afce31f1227"},{"path":"\/Users\/dyana\/Desktop\/Spectate_Dyana\/Spectate_Dyana\/View\/LoadingAnimationView.swift","hash":"f009606c2b6eb1ac83da0dce8e26fd945c0fe78a"},{"path":"\/Users\/dyana\/Desktop\/Spectate_Dyana\/Spectate_Dyana\/ViewModel\/PriceViewModel.swift","hash":"5d3278a2dc84cac93df7cc6d094f71d9e3df9f66"}],"configHash":"e2d7eb63f930ff69299a6eeb689fbdfeb4e96168","dependencyPathsHash":"7d68a83dc70805d267277370252ff915b46c5265","targetPathsHash":"1182bf51485d6a02cc50cd9c2dcfbcba2fc5b3e7","mockedTypesHash":"257c027dd98ad9f0982f4d74eb6109d8dd08663e","outputHash":"a6c3f04b31d1e07746b9fcbc52f735eb6b2a4b05","dependencies":[],"sourceRoot":"\/Users\/dyana\/Desktop\/Spectate_Dyana","supportingFilePaths":[{"path":"\/Users\/dyana\/Desktop\/Spectate_Dyana\/MockingbirdSupport\/AppKit\/NSResponder.swift","hash":"21296949c6d570892c8665a450e62c234c938790"},{"path":"\/Users\/dyana\/Desktop\/Spectate_Dyana\/MockingbirdSupport\/AppKit\/NSView.swift","hash":"85b3183be144012a7e105e292426c3d9f8966072"},{"path":"\/Users\/dyana\/Desktop\/Spectate_Dyana\/MockingbirdSupport\/AppKit\/NSViewController.swift","hash":"d8785e8a119f2723c8840534df0ad8ac61409797"},{"path":"\/Users\/dyana\/Desktop\/Spectate_Dyana\/MockingbirdSupport\/Foundation\/ObjectiveC\/NSObject.swift","hash":"cf466772b8c2d80d31f34b93b501b398fbb8854d"},{"path":"\/Users\/dyana\/Desktop\/Spectate_Dyana\/MockingbirdSupport\/Foundation\/ObjectiveC\/NSObject.swift","hash":"cf466772b8c2d80d31f34b93b501b398fbb8854d"},{"path":"\/Users\/dyana\/Desktop\/Spectate_Dyana\/MockingbirdSupport\/Swift\/Codable.swift","hash":"57675d8b36a2db7b093b3542bd3225a88992c3bc"},{"path":"\/Users\/dyana\/Desktop\/Spectate_Dyana\/MockingbirdSupport\/Swift\/Comparable.swift","hash":"d0d110744eeaf2f8fdd2f8a41df3452f35286bb7"},{"path":"\/Users\/dyana\/Desktop\/Spectate_Dyana\/MockingbirdSupport\/Swift\/Equatable.swift","hash":"2e7674f4e23a5ab7aef45b91b63c0ed5934c3b83"},{"path":"\/Users\/dyana\/Desktop\/Spectate_Dyana\/MockingbirdSupport\/Swift\/Hashable.swift","hash":"f59ec249aa03e312f2bda7c3b397c0dccd880a21"},{"path":"\/Users\/dyana\/Desktop\/Spectate_Dyana\/MockingbirdSupport\/Swift\/Misc.swift","hash":"c139249ec5799f1ec64c3d9e7d8c1f286b894035"},{"path":"\/Users\/dyana\/Desktop\/Spectate_Dyana\/MockingbirdSupport\/UIKit\/UIControl.swift","hash":"9363a4c38002598dbbc1198f16fe7198b8151d24"},{"path":"\/Users\/dyana\/Desktop\/Spectate_Dyana\/MockingbirdSupport\/UIKit\/UILabel.swift","hash":"e26a734695bfe008598ed0d8c936683db78f40ac"},{"path":"\/Users\/dyana\/Desktop\/Spectate_Dyana\/MockingbirdSupport\/UIKit\/UIView.swift","hash":"10e6b03a9c5a76f720c17fcb82af82ff66994926"},{"path":"\/Users\/dyana\/Desktop\/Spectate_Dyana\/MockingbirdSupport\/UIKit\/UIViewController.swift","hash":"bbd8980a22029f339b0e8746124fd06d94730570"}],"name":"Spectate_Dyana","projectHash":"b8e98e73579117ad192b88daa1a54a8c60194c73"}