{"projectHash":"b8e98e73579117ad192b88daa1a54a8c60194c73","productModuleName":"Spectate_DyanaTests","mockedTypeNames":["\/Users\/dyana\/Desktop\/Spectate_Dyana\/Spectate_DyanaTests\/Spectate_DyanaTests.swift",["PriceDatasource"]],"cliVersion":"0.20.0","sourceFilePaths":[{"path":"\/Users\/dyana\/Desktop\/Spectate_Dyana\/MockingbirdMocks\/Spectate_DyanaTests-Spectate_DyanaMocks.generated.swift","hash":"a6c3f04b31d1e07746b9fcbc52f735eb6b2a4b05"},{"path":"\/Users\/dyana\/Desktop\/Spectate_Dyana\/Spectate_DyanaTests\/Spectate_DyanaTests.swift","hash":"80fbdd8fb711a08b75cde7f85442de2fb2d7be14"}],"sourceRoot":"\/Users\/dyana\/Desktop\/Spectate_Dyana","dependencies":[],"name":"Spectate_DyanaTests"}